<?xml version="1.0" encoding="utf-8"?>
<Project ToolsVersion="4.0" xmlns="http://schemas.microsoft.com/developer/msbuild/2003">
  <ItemGroup>
    <Filter Include="source">
      <UniqueIdentifier>{88081ab0-963e-4d18-bb61-686260cd054a}</UniqueIdentifier>
      <Extensions>cpp;c;cxx;def;odl;idl;hpj;bat;asm</Extensions>
    </Filter>
    <Filter Include="include">
      <UniqueIdentifier>{a6c7d395-1123-44c3-9ced-adc7565017c6}</UniqueIdentifier>
      <Extensions>h;hpp;hxx;hm;inl;inc</Extensions>
    </Filter>
    <Filter Include="resource">
      <UniqueIdentifier>{7439eb30-f7f6-4ce1-bffe-b689986d15d4}</UniqueIdentifier>
      <Extensions>rc;ico;cur;bmp;dlg;rc2;rct;bin;rgs;jpg;jpeg;jpe;png;manifest</Extensions>
    </Filter>
  </ItemGroup>
  <ItemGroup>
    <None Include="res\WatermelonChess.ico">
      <Filter>resource</Filter>
    </None>
  </ItemGroup>
  <ItemGroup>
    <ResourceCompile Include="WatermelonChess.rc">
      <Filter>resource</Filter>
    </ResourceCompile>
  </ItemGroup>
  <ItemGroup>
    <ClInclude Include="resource.h">
      <Filter>include</Filter>
    </ClInclude>
    <ClInclude Include="main.h">
      <Filter>include</Filter>
    </ClInclude>
    <ClInclude Include="..\Classes\AppDelegate.h">
      <Filter>include</Filter>
    </ClInclude>
    <ClInclude Include="..\Classes\HelloWorldScene.h">
      <Filter>include</Filter>
    </ClInclude>
    <ClInclude Include="SceneManager.h">
      <Filter>include</Filter>
    </ClInclude>
    <ClInclude Include="MySound.h">
      <Filter>include</Filter>
    </ClInclude>
    <ClInclude Include="MainMenuLayer.h">
      <Filter>include</Filter>
    </ClInclude>
    <ClInclude Include="Basic.h">
      <Filter>include</Filter>
    </ClInclude>
    <ClInclude Include="PlayLayer.h">
      <Filter>include</Filter>
    </ClInclude>
    <ClInclude Include="StopLayer.h">
      <Filter>include</Filter>
    </ClInclude>
    <ClInclude Include="Chess.h">
      <Filter>include</Filter>
    </ClInclude>
    <ClInclude Include="GameOverLayer.h">
      <Filter>include</Filter>
    </ClInclude>
    <ClInclude Include="HelpLayer.h">
      <Filter>include</Filter>
    </ClInclude>
  </ItemGroup>
  <ItemGroup>
    <ClCompile Include="main.cpp">
      <Filter>source</Filter>
    </ClCompile>
    <ClCompile Include="..\Classes\AppDelegate.cpp">
      <Filter>source</Filter>
    </ClCompile>
    <ClCompile Include="..\Classes\HelloWorldScene.cpp">
      <Filter>source</Filter>
    </ClCompile>
    <ClCompile Include="SceneManager.cpp">
      <Filter>source</Filter>
    </ClCompile>
    <ClCompile Include="MySound.cpp">
      <Filter>source</Filter>
    </ClCompile>
    <ClCompile Include="MainMenuLayer.cpp">
      <Filter>source</Filter>
    </ClCompile>
    <ClCompile Include="PlayLayer.cpp">
      <Filter>source</Filter>
    </ClCompile>
    <ClCompile Include="StopLayer.cpp">
      <Filter>source</Filter>
    </ClCompile>
    <ClCompile Include="Chess.cpp">
      <Filter>source</Filter>
    </ClCompile>
    <ClCompile Include="GameOverLayer.cpp">
      <Filter>source</Filter>
    </ClCompile>
    <ClCompile Include="HelpLayer.cpp">
      <Filter>source</Filter>
    </ClCompile>
  </ItemGroup>
</Project>